
Microsoft Visual Studio Solution File, Format Version 12.00
# Visual Studio 14
VisualStudioVersion = 14.0.25420.1
MinimumVisualStudioVersion = 10.0.40219.1
Project("{888888A0-9F3D-457C-B088-3A5042F75D52}") = "The Ultimate Starcraft Project", "The Ultimate Starcraft Project\The Ultimate Starcraft Project.pyproj", "{352CB991-C39A-4D52-8241-92FEDBE0F6D2}"
EndProject
Project("{2150E333-8FDC-42A3-9474-1A3956D46DE8}") = "Solution Items", "Solution Items", "{8B920C6B-369A-404F-8E90-E1D94D41B7BB}"
EndProject
Global
	GlobalSection(SolutionConfigurationPlatforms) = preSolution
		Debug|Any CPU = Debug|Any CPU
		Release|Any CPU = Release|Any CPU
	EndGlobalSection
	GlobalSection(ProjectConfigurationPlatforms) = postSolution
		{352CB991-C39A-4D52-8241-92FEDBE0F6D2}.Debug|Any CPU.ActiveCfg = Debug|Any CPU
		{352CB991-C39A-4D52-8241-92FEDBE0F6D2}.Release|Any CPU.ActiveCfg = Release|Any CPU
	EndGlobalSection
	GlobalSection(SolutionProperties) = preSolution
		HideSolutionNode = FALSE
	EndGlobalSection
EndGlobal
